
Microsoft Visual Studio Solution File, Format Version 12.00
# Visual Studio Version 17
VisualStudioVersion = 17.5.33402.96
MinimumVisualStudioVersion = 10.0.40219.1
Project("{FAE04EC0-301F-11D3-BF4B-00C04F79EFBC}") = "Query_Logs_DCA", "Query_Logs_DCA\Query_Logs_DCA.csproj", "{B414D0C6-F79C-459A-8035-186A8CC50F34}"
EndProject
Global
	GlobalSection(SolutionConfigurationPlatforms) = preSolution
		Debug|Any CPU = Debug|Any CPU
		Release|Any CPU = Release|Any CPU
	EndGlobalSection
	GlobalSection(ProjectConfigurationPlatforms) = postSolution
		{B414D0C6-F79C-459A-8035-186A8CC50F34}.Debug|Any CPU.ActiveCfg = Debug|Any CPU
		{B414D0C6-F79C-459A-8035-186A8CC50F34}.Debug|Any CPU.Build.0 = Debug|Any CPU
		{B414D0C6-F79C-459A-8035-186A8CC50F34}.Release|Any CPU.ActiveCfg = Release|Any CPU
		{B414D0C6-F79C-459A-8035-186A8CC50F34}.Release|Any CPU.Build.0 = Release|Any CPU
	EndGlobalSection
	GlobalSection(SolutionProperties) = preSolution
		HideSolutionNode = FALSE
	EndGlobalSection
	GlobalSection(ExtensibilityGlobals) = postSolution
		SolutionGuid = {3EA0D0AE-EF05-42B7-96D2-4B0939E80B1E}
	EndGlobalSection
EndGlobal
